
Microsoft Visual Studio Solution File, Format Version 12.00
# Visual Studio Version 17
VisualStudioVersion = 17.2.32516.85
MinimumVisualStudioVersion = 10.0.40219.1
Project("{9A19103F-16F7-4668-BE54-9A1E7A4F7556}") = "CursoAlgoritmos", "CursoAlgoritmos\CursoAlgoritmos.csproj", "{8FCCC81A-D22A-4867-BF4B-67A8ED80BB7B}"
EndProject
Project("{9A19103F-16F7-4668-BE54-9A1E7A4F7556}") = "Lista06", "Lista02\Lista06.csproj", "{33FE1CF2-302D-4963-9587-CA4F2C8644CD}"
EndProject
Project("{9A19103F-16F7-4668-BE54-9A1E7A4F7556}") = "Lista01", "Lista01\Lista01.csproj", "{9DC17E3F-F743-4911-9DBE-502140731FC7}"
EndProject
Project("{9A19103F-16F7-4668-BE54-9A1E7A4F7556}") = "Lista03", "Lista03\Lista03.csproj", "{7FF486BF-2FC2-428A-BD95-0D9C28183D88}"
EndProject
Project("{9A19103F-16F7-4668-BE54-9A1E7A4F7556}") = "Lista04", "Lista04\Lista04.csproj", "{71D42F91-2FBE-4CE2-ABBD-38B26B58A9CE}"
EndProject
Project("{FAE04EC0-301F-11D3-BF4B-00C04F79EFBC}") = "Lista05", "Lista05\Lista05.csproj", "{653E7794-A96E-43D3-8947-77FEB7B69E24}"
EndProject
Global
	GlobalSection(SolutionConfigurationPlatforms) = preSolution
		Debug|Any CPU = Debug|Any CPU
		Release|Any CPU = Release|Any CPU
	EndGlobalSection
	GlobalSection(ProjectConfigurationPlatforms) = postSolution
		{8FCCC81A-D22A-4867-BF4B-67A8ED80BB7B}.Debug|Any CPU.ActiveCfg = Debug|Any CPU
		{8FCCC81A-D22A-4867-BF4B-67A8ED80BB7B}.Debug|Any CPU.Build.0 = Debug|Any CPU
		{8FCCC81A-D22A-4867-BF4B-67A8ED80BB7B}.Release|Any CPU.ActiveCfg = Release|Any CPU
		{8FCCC81A-D22A-4867-BF4B-67A8ED80BB7B}.Release|Any CPU.Build.0 = Release|Any CPU
		{33FE1CF2-302D-4963-9587-CA4F2C8644CD}.Debug|Any CPU.ActiveCfg = Debug|Any CPU
		{33FE1CF2-302D-4963-9587-CA4F2C8644CD}.Debug|Any CPU.Build.0 = Debug|Any CPU
		{33FE1CF2-302D-4963-9587-CA4F2C8644CD}.Release|Any CPU.ActiveCfg = Release|Any CPU
		{33FE1CF2-302D-4963-9587-CA4F2C8644CD}.Release|Any CPU.Build.0 = Release|Any CPU
		{9DC17E3F-F743-4911-9DBE-502140731FC7}.Debug|Any CPU.ActiveCfg = Debug|Any CPU
		{9DC17E3F-F743-4911-9DBE-502140731FC7}.Debug|Any CPU.Build.0 = Debug|Any CPU
		{9DC17E3F-F743-4911-9DBE-502140731FC7}.Release|Any CPU.ActiveCfg = Release|Any CPU
		{9DC17E3F-F743-4911-9DBE-502140731FC7}.Release|Any CPU.Build.0 = Release|Any CPU
		{7FF486BF-2FC2-428A-BD95-0D9C28183D88}.Debug|Any CPU.ActiveCfg = Debug|Any CPU
		{7FF486BF-2FC2-428A-BD95-0D9C28183D88}.Debug|Any CPU.Build.0 = Debug|Any CPU
		{7FF486BF-2FC2-428A-BD95-0D9C28183D88}.Release|Any CPU.ActiveCfg = Release|Any CPU
		{7FF486BF-2FC2-428A-BD95-0D9C28183D88}.Release|Any CPU.Build.0 = Release|Any CPU
		{71D42F91-2FBE-4CE2-ABBD-38B26B58A9CE}.Debug|Any CPU.ActiveCfg = Debug|Any CPU
		{71D42F91-2FBE-4CE2-ABBD-38B26B58A9CE}.Debug|Any CPU.Build.0 = Debug|Any CPU
		{71D42F91-2FBE-4CE2-ABBD-38B26B58A9CE}.Release|Any CPU.ActiveCfg = Release|Any CPU
		{71D42F91-2FBE-4CE2-ABBD-38B26B58A9CE}.Release|Any CPU.Build.0 = Release|Any CPU
		{653E7794-A96E-43D3-8947-77FEB7B69E24}.Debug|Any CPU.ActiveCfg = Debug|Any CPU
		{653E7794-A96E-43D3-8947-77FEB7B69E24}.Debug|Any CPU.Build.0 = Debug|Any CPU
		{653E7794-A96E-43D3-8947-77FEB7B69E24}.Release|Any CPU.ActiveCfg = Release|Any CPU
		{653E7794-A96E-43D3-8947-77FEB7B69E24}.Release|Any CPU.Build.0 = Release|Any CPU
	EndGlobalSection
	GlobalSection(SolutionProperties) = preSolution
		HideSolutionNode = FALSE
	EndGlobalSection
	GlobalSection(ExtensibilityGlobals) = postSolution
		SolutionGuid = {4B6534BD-0457-48C6-801B-9A2952983564}
	EndGlobalSection
EndGlobal
